# THIS IS AN AUTOGENERATED FILE. DO NOT EDIT THIS FILE DIRECTLY.
# yarn lockfile v1


prettier@^2.5.1:
  version "2.6.2"
  resolved "https://registry.yarnpkg.com/prettier/-/prettier-2.6.2.tgz#e26d71a18a74c3d0f0597f55f01fb6c06c206032"
  integrity sha512-PkUpF+qoXTqhOeWL9fu7As8LXsIUZ1WYaJiY/a7McAQzxjk82OF0tibkFXVCDImZtWxbvojFjerkiLb0/q8mew==

turbo-darwin-64@1.2.0:
  version "1.2.0"
  resolved "https://registry.yarnpkg.com/turbo-darwin-64/-/turbo-darwin-64-1.2.0.tgz#81f38817cf727b3bfd61f2c25a3b5cf7609bf426"
  integrity sha512-YtbTjoNR4c33K9eJ8/U9H2masaIzzBbmtfkmMtDeh8VPoYp4z+GEPXZmU0pl3ay6yz5MmstM3x8h9u732dANnA==

turbo-darwin-arm64@1.2.0:
  version "1.2.0"
  resolved "https://registry.yarnpkg.com/turbo-darwin-arm64/-/turbo-darwin-arm64-1.2.0.tgz#6ab6cf72237a8db63f7984ab234458553b81b79b"
  integrity sha512-NE5UK0kactFrbjtY/1ICYU2uEMAU8Dw687AnxAYDjyFKBnjb34vMivZRSl+HLYxKVFtbqaqET+ZFLNODXnNrWw==

turbo-freebsd-64@1.2.0:
  version "1.2.0"
  resolved "https://registry.yarnpkg.com/turbo-freebsd-64/-/turbo-freebsd-64-1.2.0.tgz#47525db84b287bbd4e75854b804426ae4348bd67"
  integrity sha512-0T0JtTzH52XUjk9wZWGwFIEGhzN3zGmRNXOwS203xNNNXN2nLoSzwlDHs5hpw+Rvv/ojJ9w5fR71vPjlYuaMKg==

turbo-freebsd-arm64@1.2.0:
  version "1.2.0"
  resolved "https://registry.yarnpkg.com/turbo-freebsd-arm64/-/turbo-freebsd-arm64-1.2.0.tgz#2cf7960b9d993bc870a3b4c12bc43b0890a51460"
  integrity sha512-KRlmR/kMtoYs+DbA+wH8DBv2bXspqZ0AU+CllRzmbnSPIePD7MnaWHwaEvA+3P4Bse54qPs85g9LWvJFP0g2Ag==

turbo-linux-32@1.2.0:
  version "1.2.0"
  resolved "https://registry.yarnpkg.com/turbo-linux-32/-/turbo-linux-32-1.2.0.tgz#65c3f40d23f4c79af0175a73d5a207c23e7f9777"
  integrity sha512-RMS0p5f0EC0wF/hzf5GMdm2FZhUDZwU0onmL6sapxPuvYZJ3W/1XuE4/UU1gt0hbcKmesIBhJrdtzID77BdMhw==

turbo-linux-64@1.2.0:
  version "1.2.0"
  resolved "https://registry.yarnpkg.com/turbo-linux-64/-/turbo-linux-64-1.2.0.tgz#5ed2237813e69bef35736504b1468116e8ad25b6"
  integrity sha512-fcNmpCc0YnAJYFcUNcwH9ivpktvWxA/gXGm5EeW7cgedd6ARvtDzjBWxw3SJa0hSra3JSs1OBATDoIQjHEk6TA==

turbo-linux-arm64@1.2.0:
  version "1.2.0"
  resolved "https://registry.yarnpkg.com/turbo-linux-arm64/-/turbo-linux-arm64-1.2.0.tgz#35831da9c3e4a5070fee7fc2c82e919a425c1d1f"
  integrity sha512-CVhJ3XVNSkKdpCfnkOk6W5jMzGCf6Mf2T18e90qdQC6hyNTnzfYoP80a77NRDd6bQRqwgrZIHz6sVioqRnT/Rw==

turbo-linux-arm@1.2.0:
  version "1.2.0"
  resolved "https://registry.yarnpkg.com/turbo-linux-arm/-/turbo-linux-arm-1.2.0.tgz#0081036c19582196d619fdc9c399e82a81ad2e49"
  integrity sha512-n0vsSacYYIsccIlwlUKNiiAvaNvdhwSrAVo+d4c6fgWQEXVmVKc129bkul/kujifgi9BCLplKiqigZUOEe8Qow==

turbo-linux-mips64le@1.2.0:
  version "1.2.0"
  resolved "https://registry.yarnpkg.com/turbo-linux-mips64le/-/turbo-linux-mips64le-1.2.0.tgz#2ef77a235232b089505be972097decabbd8312ba"
  integrity sha512-IwJxdLqic4aAYH4f7QKpWtO6r9SXruqaKFYHPPOdt16I3kHvtsO1KCAzun7IjEMZ/sK/zHnFfGEwDVfaDwPnkw==

turbo-linux-ppc64le@1.2.0:
  version "1.2.0"
  resolved "https://registry.yarnpkg.com/turbo-linux-ppc64le/-/turbo-linux-ppc64le-1.2.0.tgz#113e9ff9eeff57c7d2d63f838386ac3f722ffdb9"
  integrity sha512-zN6expApkyh454VtRjJ4BdiHJEvJ6+V2fieDPfvt3Vg+9dQ313iv88WXkkWsTZnSypxZsf/fwL8RJ74WDKGgbg==

turbo-windows-32@1.2.0:
  version "1.2.0"
  resolved "https://registry.yarnpkg.com/turbo-windows-32/-/turbo-windows-32-1.2.0.tgz#69475a3fc58caf4762c26270ca98071c739426e0"
  integrity sha512-CduEO9ykfWc+xU9XLlfaG6sAGjnneCYw3hGb7uoDIOHuW8T6uqPw9vbG3ddt1VBarGjQvbcF4O/mFZZHozUgIg==

turbo-windows-64@1.2.0:
  version "1.2.0"
  resolved "https://registry.yarnpkg.com/turbo-windows-64/-/turbo-windows-64-1.2.0.tgz#825ab0c52d473afefb1f0908a1922658c2d7dca9"
  integrity sha512-DJy7VV/iXBoyxH98Om45vO3VwBZ8yijGUujKwdUGCyha8sGm++4OnEo8a2XWF1aHhRU/u2NtjcNsUBXrL53zvA==

turbo@^1.0.19:
  version "1.2.0"
  resolved "https://registry.yarnpkg.com/turbo/-/turbo-1.2.0.tgz#f71b2201eab7125492484d5c4390fd5c494a5ea6"
  integrity sha512-nFH+epS9rNJpF/vEhyYnzNHlHQzZO4kOj83W0hkZUiy4vzgu8TQF+jTRYyIT7ytAPIYvYFT2Vg3f9CrjVeqq7w==
  optionalDependencies:
    turbo-darwin-64 "1.2.0"
    turbo-darwin-arm64 "1.2.0"
    turbo-freebsd-64 "1.2.0"
    turbo-freebsd-arm64 "1.2.0"
    turbo-linux-32 "1.2.0"
    turbo-linux-64 "1.2.0"
    turbo-linux-arm "1.2.0"
    turbo-linux-arm64 "1.2.0"
    turbo-linux-mips64le "1.2.0"
    turbo-linux-ppc64le "1.2.0"
    turbo-windows-32 "1.2.0"
    turbo-windows-64 "1.2.0"
